// !$*UTF8*$!
{
	archiveVersion = 1;
	classes = {
	};
	objectVersion = 70;
	objects = {

/* Begin PBXBuildFile section */
		6612B1FF2DC6140300FB7B5D /* Notification+.swift in Sources */ = {isa = PBXBuildFile; fileRef = 6612B1FE2DC6140300FB7B5D /* Notification+.swift */; };
		662A7D622DABFF3500C53EBB /* SupportMediaType.swift in Sources */ = {isa = PBXBuildFile; fileRef = 662A7D612DABFF3200C53EBB /* SupportMediaType.swift */; };
		66827F6B2DAAA72400F77592 /* Dependency.swift in Sources */ = {isa = PBXBuildFile; fileRef = 66827F6A2DAAA72400F77592 /* Dependency.swift */; };
		6682801C2DAABDA800F77592 /* EnvironmentValues+.swift in Sources */ = {isa = PBXBuildFile; fileRef = 6682801A2DAABDA800F77592 /* EnvironmentValues+.swift */; };
		6682801F2DAAD1E500F77592 /* TranscriptionTextDocument.swift in Sources */ = {isa = PBXBuildFile; fileRef = 6682801E2DAAD1E500F77592 /* TranscriptionTextDocument.swift */; };
		668280212DABC35300F77592 /* WhisperInitializeStatus.swift in Sources */ = {isa = PBXBuildFile; fileRef = 668280202DABC34D00F77592 /* WhisperInitializeStatus.swift */; };
		66E6B0F92DAA9EC90090E104 /* WhisperError.swift in Sources */ = {isa = PBXBuildFile; fileRef = 66E6B0F82DAA9EC40090E104 /* WhisperError.swift */; };
		66E6B0FB2DAA9F100090E104 /* SetupViewModel.swift in Sources */ = {isa = PBXBuildFile; fileRef = 66E6B0FA2DAA9F0B0090E104 /* SetupViewModel.swift */; };
		66E9DAD22DC7B90500690C3B /* WhisperKit in Frameworks */ = {isa = PBXBuildFile; productRef = 66E9DAD12DC7B90500690C3B /* WhisperKit */; };
		66E9DAD72DC7BC4600690C3B /* AcknowledgementsView.swift in Sources */ = {isa = PBXBuildFile; fileRef = 66E9DAD62DC7BC4100690C3B /* AcknowledgementsView.swift */; };
		66E9DADD2DC7C2E100690C3B /* MarkdownUI in Frameworks */ = {isa = PBXBuildFile; productRef = 66E9DADC2DC7C2E100690C3B /* MarkdownUI */; };
		66F71D142D99B02200451331 /* SetupView.swift in Sources */ = {isa = PBXBuildFile; fileRef = 66F71D122D99B02200451331 /* SetupView.swift */; };
		FCF01A012B8E1E5000F12345 /* AudioTranscriberApp.swift in Sources */ = {isa = PBXBuildFile; fileRef = FCF01A002B8E1E5000F12345 /* AudioTranscriberApp.swift */; };
		FCF01A032B8E1E5000F12345 /* TranscriptionView.swift in Sources */ = {isa = PBXBuildFile; fileRef = FCF01A022B8E1E5000F12345 /* TranscriptionView.swift */; };
		FCF01A052B8E1E5200F12345 /* Assets.xcassets in Resources */ = {isa = PBXBuildFile; fileRef = FCF01A042B8E1E5200F12345 /* Assets.xcassets */; };
		FCF01A102B8E1E7A00F12345 /* TranscriptSegment.swift in Sources */ = {isa = PBXBuildFile; fileRef = FCF01A0F2B8E1E7A00F12345 /* TranscriptSegment.swift */; };
		FCF01A132B8E1E8A00F12345 /* TranscriptionViewModel.swift in Sources */ = {isa = PBXBuildFile; fileRef = FCF01A122B8E1E8A00F12345 /* TranscriptionViewModel.swift */; };
		FCF01A162B8E1E9A00F12345 /* WhisperManager.swift in Sources */ = {isa = PBXBuildFile; fileRef = FCF01A152B8E1E9A00F12345 /* WhisperManager.swift */; };
/* End PBXBuildFile section */

/* Begin PBXFileReference section */
		6612B1FE2DC6140300FB7B5D /* Notification+.swift */ = {isa = PBXFileReference; lastKnownFileType = sourcecode.swift; path = "Notification+.swift"; sourceTree = "<group>"; };
		662A7D612DABFF3200C53EBB /* SupportMediaType.swift */ = {isa = PBXFileReference; lastKnownFileType = sourcecode.swift; path = SupportMediaType.swift; sourceTree = "<group>"; };
		66827F6A2DAAA72400F77592 /* Dependency.swift */ = {isa = PBXFileReference; lastKnownFileType = sourcecode.swift; path = Dependency.swift; sourceTree = "<group>"; };
		6682801A2DAABDA800F77592 /* EnvironmentValues+.swift */ = {isa = PBXFileReference; lastKnownFileType = sourcecode.swift; path = "EnvironmentValues+.swift"; sourceTree = "<group>"; };
		6682801E2DAAD1E500F77592 /* TranscriptionTextDocument.swift */ = {isa = PBXFileReference; lastKnownFileType = sourcecode.swift; path = TranscriptionTextDocument.swift; sourceTree = "<group>"; };
		668280202DABC34D00F77592 /* WhisperInitializeStatus.swift */ = {isa = PBXFileReference; lastKnownFileType = sourcecode.swift; path = WhisperInitializeStatus.swift; sourceTree = "<group>"; };
		66E6B0F82DAA9EC40090E104 /* WhisperError.swift */ = {isa = PBXFileReference; lastKnownFileType = sourcecode.swift; path = WhisperError.swift; sourceTree = "<group>"; };
		66E6B0FA2DAA9F0B0090E104 /* SetupViewModel.swift */ = {isa = PBXFileReference; lastKnownFileType = sourcecode.swift; path = SetupViewModel.swift; sourceTree = "<group>"; };
		66E9DAD62DC7BC4100690C3B /* AcknowledgementsView.swift */ = {isa = PBXFileReference; lastKnownFileType = sourcecode.swift; path = AcknowledgementsView.swift; sourceTree = "<group>"; };
		66F71D122D99B02200451331 /* SetupView.swift */ = {isa = PBXFileReference; lastKnownFileType = sourcecode.swift; path = SetupView.swift; sourceTree = "<group>"; };
		FCF019FD2B8E1E5000F12345 /* AudioTranscriber.app */ = {isa = PBXFileReference; explicitFileType = wrapper.application; includeInIndex = 0; path = AudioTranscriber.app; sourceTree = BUILT_PRODUCTS_DIR; };
		FCF01A002B8E1E5000F12345 /* AudioTranscriberApp.swift */ = {isa = PBXFileReference; lastKnownFileType = sourcecode.swift; path = AudioTranscriberApp.swift; sourceTree = "<group>"; };
		FCF01A022B8E1E5000F12345 /* TranscriptionView.swift */ = {isa = PBXFileReference; lastKnownFileType = sourcecode.swift; path = TranscriptionView.swift; sourceTree = "<group>"; };
		FCF01A042B8E1E5200F12345 /* Assets.xcassets */ = {isa = PBXFileReference; lastKnownFileType = folder.assetcatalog; path = Assets.xcassets; sourceTree = "<group>"; };
		FCF01A092B8E1E5200F12345 /* AudioTranscriber.entitlements */ = {isa = PBXFileReference; lastKnownFileType = text.plist.entitlements; path = AudioTranscriber.entitlements; sourceTree = "<group>"; };
		FCF01A0F2B8E1E7A00F12345 /* TranscriptSegment.swift */ = {isa = PBXFileReference; lastKnownFileType = sourcecode.swift; path = TranscriptSegment.swift; sourceTree = "<group>"; };
		FCF01A122B8E1E8A00F12345 /* TranscriptionViewModel.swift */ = {isa = PBXFileReference; lastKnownFileType = sourcecode.swift; path = TranscriptionViewModel.swift; sourceTree = "<group>"; };
		FCF01A152B8E1E9A00F12345 /* WhisperManager.swift */ = {isa = PBXFileReference; lastKnownFileType = sourcecode.swift; path = WhisperManager.swift; sourceTree = "<group>"; };
/* End PBXFileReference section */

/* Begin PBXFileSystemSynchronizedRootGroup section */
		6612B1E72DC5282100FB7B5D /* Resources */ = {isa = PBXFileSystemSynchronizedRootGroup; explicitFileTypes = {}; explicitFolders = (); path = Resources; sourceTree = "<group>"; };
/* End PBXFileSystemSynchronizedRootGroup section */

/* Begin PBXFrameworksBuildPhase section */
		FCF019FA2B8E1E5000F12345 /* Frameworks */ = {
			isa = PBXFrameworksBuildPhase;
			buildActionMask = 2147483647;
			files = (
				66E9DAD22DC7B90500690C3B /* WhisperKit in Frameworks */,
				66E9DADD2DC7C2E100690C3B /* MarkdownUI in Frameworks */,
			);
			runOnlyForDeploymentPostprocessing = 0;
		};
/* End PBXFrameworksBuildPhase section */

/* Begin PBXGroup section */
		66315B482DC7B14E00364536 /* Frameworks */ = {
			isa = PBXGroup;
			children = (
			);
			name = Frameworks;
			sourceTree = "<group>";
		};
		6682801B2DAABDA800F77592 /* Extensions */ = {
			isa = PBXGroup;
			children = (
				6612B1FE2DC6140300FB7B5D /* Notification+.swift */,
				6682801A2DAABDA800F77592 /* EnvironmentValues+.swift */,
			);
			path = Extensions;
			sourceTree = "<group>";
		};
		66E6B0F72DAA9E420090E104 /* Transcription */ = {
			isa = PBXGroup;
			children = (
				FCF01A022B8E1E5000F12345 /* TranscriptionView.swift */,
				FCF01A122B8E1E8A00F12345 /* TranscriptionViewModel.swift */,
			);
			path = Transcription;
			sourceTree = "<group>";
		};
		66F71D132D99B02200451331 /* Setup */ = {
			isa = PBXGroup;
			children = (
				66F71D122D99B02200451331 /* SetupView.swift */,
				66E6B0FA2DAA9F0B0090E104 /* SetupViewModel.swift */,
			);
			path = Setup;
			sourceTree = "<group>";
		};
		FCF019F42B8E1E5000F12345 = {
			isa = PBXGroup;
			children = (
				FCF019FF2B8E1E5000F12345 /* AudioTranscriber */,
				66315B482DC7B14E00364536 /* Frameworks */,
				FCF019FE2B8E1E5000F12345 /* Products */,
			);
			sourceTree = "<group>";
		};
		FCF019FE2B8E1E5000F12345 /* Products */ = {
			isa = PBXGroup;
			children = (
				FCF019FD2B8E1E5000F12345 /* AudioTranscriber.app */,
			);
			name = Products;
			sourceTree = "<group>";
		};
		FCF019FF2B8E1E5000F12345 /* AudioTranscriber */ = {
			isa = PBXGroup;
			children = (
				6612B1E72DC5282100FB7B5D /* Resources */,
				FCF01A042B8E1E5200F12345 /* Assets.xcassets */,
				FCF01A092B8E1E5200F12345 /* AudioTranscriber.entitlements */,
				FCF01A002B8E1E5000F12345 /* AudioTranscriberApp.swift */,
				FCF01A112B8E1E8000F12345 /* Screens */,
				6682801B2DAABDA800F77592 /* Extensions */,
				FCF01A0E2B8E1E7000F12345 /* Models */,
				FCF01A142B8E1E9000F12345 /* Services */,
			);
			path = AudioTranscriber;
			sourceTree = "<group>";
		};
		FCF01A0E2B8E1E7000F12345 /* Models */ = {
			isa = PBXGroup;
			children = (
				662A7D612DABFF3200C53EBB /* SupportMediaType.swift */,
				668280202DABC34D00F77592 /* WhisperInitializeStatus.swift */,
				6682801E2DAAD1E500F77592 /* TranscriptionTextDocument.swift */,
				66E6B0F82DAA9EC40090E104 /* WhisperError.swift */,
				FCF01A0F2B8E1E7A00F12345 /* TranscriptSegment.swift */,
			);
			path = Models;
			sourceTree = "<group>";
		};
		FCF01A112B8E1E8000F12345 /* Screens */ = {
			isa = PBXGroup;
			children = (
				66E9DAD62DC7BC4100690C3B /* AcknowledgementsView.swift */,
				66F71D132D99B02200451331 /* Setup */,
				66E6B0F72DAA9E420090E104 /* Transcription */,
			);
			path = Screens;
			sourceTree = "<group>";
		};
		FCF01A142B8E1E9000F12345 /* Services */ = {
			isa = PBXGroup;
			children = (
				66827F6A2DAAA72400F77592 /* Dependency.swift */,
				FCF01A152B8E1E9A00F12345 /* WhisperManager.swift */,
			);
			path = Services;
			sourceTree = "<group>";
		};
/* End PBXGroup section */

/* Begin PBXNativeTarget section */
		FCF019FC2B8E1E5000F12345 /* AudioTranscriber */ = {
			isa = PBXNativeTarget;
			buildConfigurationList = FCF01A0C2B8E1E5200F12345 /* Build configuration list for PBXNativeTarget "AudioTranscriber" */;
			buildPhases = (
				FCF019F92B8E1E5000F12345 /* Sources */,
				FCF019FA2B8E1E5000F12345 /* Frameworks */,
				FCF019FB2B8E1E5000F12345 /* Resources */,
			);
			buildRules = (
			);
			dependencies = (
			);
			fileSystemSynchronizedGroups = (
				6612B1E72DC5282100FB7B5D /* Resources */,
			);
			name = AudioTranscriber;
			productName = AudioTranscriber;
			productReference = FCF019FD2B8E1E5000F12345 /* AudioTranscriber.app */;
			productType = "com.apple.product-type.application";
		};
/* End PBXNativeTarget section */

/* Begin PBXProject section */
		FCF019F52B8E1E5000F12345 /* Project object */ = {
			isa = PBXProject;
			attributes = {
				BuildIndependentTargetsInParallel = 1;
				LastSwiftUpdateCheck = 1340;
				LastUpgradeCheck = 1620;
				TargetAttributes = {
					FCF019FC2B8E1E5000F12345 = {
						CreatedOnToolsVersion = 13.4;
					};
				};
			};
			buildConfigurationList = FCF019F82B8E1E5000F12345 /* Build configuration list for PBXProject "AudioTranscriber" */;
			compatibilityVersion = "Xcode 13.0";
			developmentRegion = en;
			hasScannedForEncodings = 0;
			knownRegions = (
				en,
				ja,
			);
			mainGroup = FCF019F42B8E1E5000F12345;
			packageReferences = (
				66E9DAD02DC7B90500690C3B /* XCRemoteSwiftPackageReference "WhisperKit" */,
				66E9DADB2DC7C2E100690C3B /* XCRemoteSwiftPackageReference "swift-markdown-ui" */,
			);
			productRefGroup = FCF019FE2B8E1E5000F12345 /* Products */;
			projectDirPath = "";
			projectRoot = "";
			targets = (
				FCF019FC2B8E1E5000F12345 /* AudioTranscriber */,
			);
		};
/* End PBXProject section */

/* Begin PBXResourcesBuildPhase section */
		FCF019FB2B8E1E5000F12345 /* Resources */ = {
			isa = PBXResourcesBuildPhase;
			buildActionMask = 2147483647;
			files = (
				FCF01A052B8E1E5200F12345 /* Assets.xcassets in Resources */,
			);
			runOnlyForDeploymentPostprocessing = 0;
		};
/* End PBXResourcesBuildPhase section */

/* Begin PBXSourcesBuildPhase section */
		FCF019F92B8E1E5000F12345 /* Sources */ = {
			isa = PBXSourcesBuildPhase;
			buildActionMask = 2147483647;
			files = (
				FCF01A032B8E1E5000F12345 /* TranscriptionView.swift in Sources */,
				66F71D142D99B02200451331 /* SetupView.swift in Sources */,
				6682801F2DAAD1E500F77592 /* TranscriptionTextDocument.swift in Sources */,
				662A7D622DABFF3500C53EBB /* SupportMediaType.swift in Sources */,
				FCF01A162B8E1E9A00F12345 /* WhisperManager.swift in Sources */,
				66827F6B2DAAA72400F77592 /* Dependency.swift in Sources */,
				668280212DABC35300F77592 /* WhisperInitializeStatus.swift in Sources */,
				6612B1FF2DC6140300FB7B5D /* Notification+.swift in Sources */,
				66E6B0F92DAA9EC90090E104 /* WhisperError.swift in Sources */,
				66E6B0FB2DAA9F100090E104 /* SetupViewModel.swift in Sources */,
				66E9DAD72DC7BC4600690C3B /* AcknowledgementsView.swift in Sources */,
				FCF01A102B8E1E7A00F12345 /* TranscriptSegment.swift in Sources */,
				FCF01A132B8E1E8A00F12345 /* TranscriptionViewModel.swift in Sources */,
				6682801C2DAABDA800F77592 /* EnvironmentValues+.swift in Sources */,
				FCF01A012B8E1E5000F12345 /* AudioTranscriberApp.swift in Sources */,
			);
			runOnlyForDeploymentPostprocessing = 0;
		};
/* End PBXSourcesBuildPhase section */

/* Begin XCBuildConfiguration section */
		FCF01A0A2B8E1E5200F12345 /* Debug */ = {
			isa = XCBuildConfiguration;
			buildSettings = {
				ALWAYS_SEARCH_USER_PATHS = NO;
				ASSETCATALOG_COMPILER_GENERATE_SWIFT_ASSET_SYMBOL_EXTENSIONS = YES;
				CLANG_ANALYZER_LOCALIZABILITY_NONLOCALIZED = YES;
				CLANG_ANALYZER_NONNULL = YES;
				CLANG_ANALYZER_NUMBER_OBJECT_CONVERSION = YES_AGGRESSIVE;
				CLANG_CXX_LANGUAGE_STANDARD = "gnu++17";
				CLANG_ENABLE_MODULES = YES;
				CLANG_ENABLE_OBJC_ARC = YES;
				CLANG_ENABLE_OBJC_WEAK = YES;
				CLANG_WARN_BLOCK_CAPTURE_AUTORELEASING = YES;
				CLANG_WARN_BOOL_CONVERSION = YES;
				CLANG_WARN_COMMA = YES;
				CLANG_WARN_CONSTANT_CONVERSION = YES;
				CLANG_WARN_DEPRECATED_OBJC_IMPLEMENTATIONS = YES;
				CLANG_WARN_DIRECT_OBJC_ISA_USAGE = YES_ERROR;
				CLANG_WARN_DOCUMENTATION_COMMENTS = YES;
				CLANG_WARN_EMPTY_BODY = YES;
				CLANG_WARN_ENUM_CONVERSION = YES;
				CLANG_WARN_INFINITE_RECURSION = YES;
				CLANG_WARN_INT_CONVERSION = YES;
				CLANG_WARN_NON_LITERAL_NULL_CONVERSION = YES;
				CLANG_WARN_OBJC_IMPLICIT_RETAIN_SELF = YES;
				CLANG_WARN_OBJC_LITERAL_CONVERSION = YES;
				CLANG_WARN_OBJC_ROOT_CLASS = YES_ERROR;
				CLANG_WARN_QUOTED_INCLUDE_IN_FRAMEWORK_HEADER = YES;
				CLANG_WARN_RANGE_LOOP_ANALYSIS = YES;
				CLANG_WARN_STRICT_PROTOTYPES = YES;
				CLANG_WARN_SUSPICIOUS_MOVE = YES;
				CLANG_WARN_UNGUARDED_AVAILABILITY = YES_AGGRESSIVE;
				CLANG_WARN_UNREACHABLE_CODE = YES;
				CLANG_WARN__DUPLICATE_METHOD_MATCH = YES;
				COPY_PHASE_STRIP = NO;
				DEAD_CODE_STRIPPING = YES;
				DEBUG_INFORMATION_FORMAT = dwarf;
				ENABLE_STRICT_OBJC_MSGSEND = YES;
				ENABLE_TESTABILITY = YES;
				ENABLE_USER_SCRIPT_SANDBOXING = YES;
				GCC_C_LANGUAGE_STANDARD = gnu11;
				GCC_DYNAMIC_NO_PIC = NO;
				GCC_NO_COMMON_BLOCKS = YES;
				GCC_OPTIMIZATION_LEVEL = 0;
				GCC_PREPROCESSOR_DEFINITIONS = (
					"DEBUG=1",
					"$(inherited)",
				);
				GCC_WARN_64_TO_32_BIT_CONVERSION = YES;
				GCC_WARN_ABOUT_RETURN_TYPE = YES_ERROR;
				GCC_WARN_UNDECLARED_SELECTOR = YES;
				GCC_WARN_UNINITIALIZED_AUTOS = YES_AGGRESSIVE;
				GCC_WARN_UNUSED_FUNCTION = YES;
				GCC_WARN_UNUSED_VARIABLE = YES;
				MACOSX_DEPLOYMENT_TARGET = 12.0;
				MTL_ENABLE_DEBUG_INFO = INCLUDE_SOURCE;
				MTL_FAST_MATH = YES;
				ONLY_ACTIVE_ARCH = YES;
				SDKROOT = macosx;
				SWIFT_ACTIVE_COMPILATION_CONDITIONS = DEBUG;
				SWIFT_OPTIMIZATION_LEVEL = "-Onone";
			};
			name = Debug;
		};
		FCF01A0B2B8E1E5200F12345 /* Release */ = {
			isa = XCBuildConfiguration;
			buildSettings = {
				ALWAYS_SEARCH_USER_PATHS = NO;
				ASSETCATALOG_COMPILER_GENERATE_SWIFT_ASSET_SYMBOL_EXTENSIONS = YES;
				CLANG_ANALYZER_LOCALIZABILITY_NONLOCALIZED = YES;
				CLANG_ANALYZER_NONNULL = YES;
				CLANG_ANALYZER_NUMBER_OBJECT_CONVERSION = YES_AGGRESSIVE;
				CLANG_CXX_LANGUAGE_STANDARD = "gnu++17";
				CLANG_ENABLE_MODULES = YES;
				CLANG_ENABLE_OBJC_ARC = YES;
				CLANG_ENABLE_OBJC_WEAK = YES;
				CLANG_WARN_BLOCK_CAPTURE_AUTORELEASING = YES;
				CLANG_WARN_BOOL_CONVERSION = YES;
				CLANG_WARN_COMMA = YES;
				CLANG_WARN_CONSTANT_CONVERSION = YES;
				CLANG_WARN_DEPRECATED_OBJC_IMPLEMENTATIONS = YES;
				CLANG_WARN_DIRECT_OBJC_ISA_USAGE = YES_ERROR;
				CLANG_WARN_DOCUMENTATION_COMMENTS = YES;
				CLANG_WARN_EMPTY_BODY = YES;
				CLANG_WARN_ENUM_CONVERSION = YES;
				CLANG_WARN_INFINITE_RECURSION = YES;
				CLANG_WARN_INT_CONVERSION = YES;
				CLANG_WARN_NON_LITERAL_NULL_CONVERSION = YES;
				CLANG_WARN_OBJC_IMPLICIT_RETAIN_SELF = YES;
				CLANG_WARN_OBJC_LITERAL_CONVERSION = YES;
				CLANG_WARN_OBJC_ROOT_CLASS = YES_ERROR;
				CLANG_WARN_QUOTED_INCLUDE_IN_FRAMEWORK_HEADER = YES;
				CLANG_WARN_RANGE_LOOP_ANALYSIS = YES;
				CLANG_WARN_STRICT_PROTOTYPES = YES;
				CLANG_WARN_SUSPICIOUS_MOVE = YES;
				CLANG_WARN_UNGUARDED_AVAILABILITY = YES_AGGRESSIVE;
				CLANG_WARN_UNREACHABLE_CODE = YES;
				CLANG_WARN__DUPLICATE_METHOD_MATCH = YES;
				COPY_PHASE_STRIP = NO;
				DEAD_CODE_STRIPPING = YES;
				DEBUG_INFORMATION_FORMAT = "dwarf-with-dsym";
				ENABLE_NS_ASSERTIONS = NO;
				ENABLE_STRICT_OBJC_MSGSEND = YES;
				ENABLE_USER_SCRIPT_SANDBOXING = YES;
				GCC_C_LANGUAGE_STANDARD = gnu11;
				GCC_NO_COMMON_BLOCKS = YES;
				GCC_WARN_64_TO_32_BIT_CONVERSION = YES;
				GCC_WARN_ABOUT_RETURN_TYPE = YES_ERROR;
				GCC_WARN_UNDECLARED_SELECTOR = YES;
				GCC_WARN_UNINITIALIZED_AUTOS = YES_AGGRESSIVE;
				GCC_WARN_UNUSED_FUNCTION = YES;
				GCC_WARN_UNUSED_VARIABLE = YES;
				MACOSX_DEPLOYMENT_TARGET = 12.0;
				MTL_ENABLE_DEBUG_INFO = NO;
				MTL_FAST_MATH = YES;
				SDKROOT = macosx;
				SWIFT_COMPILATION_MODE = wholemodule;
				SWIFT_OPTIMIZATION_LEVEL = "-O";
			};
			name = Release;
		};
		FCF01A0D2B8E1E5200F12345 /* Debug */ = {
			isa = XCBuildConfiguration;
			buildSettings = {
				ASSETCATALOG_COMPILER_APPICON_NAME = AppIcon;
				ASSETCATALOG_COMPILER_GLOBAL_ACCENT_COLOR_NAME = AccentColor;
				ASSETCATALOG_COMPILER_INCLUDE_ALL_APPICON_ASSETS = NO;
				CODE_SIGN_ENTITLEMENTS = AudioTranscriber/AudioTranscriber.entitlements;
				"CODE_SIGN_IDENTITY[sdk=macosx*]" = "Apple Development";
				CODE_SIGN_STYLE = Automatic;
				COMBINE_HIDPI_IMAGES = YES;
				CURRENT_PROJECT_VERSION = 1;
				DEAD_CODE_STRIPPING = YES;
				DEVELOPMENT_ASSET_PATHS = "";
				DEVELOPMENT_TEAM = 339P82ZNV5;
				ENABLE_PREVIEWS = YES;
				GENERATE_INFOPLIST_FILE = YES;
				INFOPLIST_KEY_LSApplicationCategoryType = "public.app-category.utilities";
				INFOPLIST_KEY_NSHumanReadableCopyright = "";
				INFOPLIST_KEY_NSMicrophoneUsageDescription = "音声の文字起こしのためにマイクへのアクセスが必要です";
				LD_RUNPATH_SEARCH_PATHS = (
					"$(inherited)",
					"@executable_path/../Frameworks",
				);
				MACOSX_DEPLOYMENT_TARGET = 14.6;
				MARKETING_VERSION = 1.0;
				PRODUCT_BUNDLE_IDENTIFIER = "dev.eita.mac.audio-transcriber";
				PRODUCT_NAME = "$(TARGET_NAME)";
				SWIFT_EMIT_LOC_STRINGS = YES;
				SWIFT_VERSION = 5.0;
			};
			name = Debug;
		};
		FCF01A0E2B8E1E5200F12345 /* Release */ = {
			isa = XCBuildConfiguration;
			buildSettings = {
				ASSETCATALOG_COMPILER_APPICON_NAME = AppIcon;
				ASSETCATALOG_COMPILER_GLOBAL_ACCENT_COLOR_NAME = AccentColor;
				ASSETCATALOG_COMPILER_INCLUDE_ALL_APPICON_ASSETS = NO;
				CODE_SIGN_ENTITLEMENTS = AudioTranscriber/AudioTranscriber.entitlements;
				"CODE_SIGN_IDENTITY[sdk=macosx*]" = "Apple Development";
				CODE_SIGN_STYLE = Automatic;
				COMBINE_HIDPI_IMAGES = YES;
				CURRENT_PROJECT_VERSION = 1;
				DEAD_CODE_STRIPPING = YES;
				DEVELOPMENT_ASSET_PATHS = "";
				DEVELOPMENT_TEAM = 339P82ZNV5;
				ENABLE_PREVIEWS = YES;
				GENERATE_INFOPLIST_FILE = YES;
				INFOPLIST_KEY_LSApplicationCategoryType = "public.app-category.utilities";
				INFOPLIST_KEY_NSHumanReadableCopyright = "";
				INFOPLIST_KEY_NSMicrophoneUsageDescription = "音声の文字起こしのためにマイクへのアクセスが必要です";
				LD_RUNPATH_SEARCH_PATHS = (
					"$(inherited)",
					"@executable_path/../Frameworks",
				);
				MACOSX_DEPLOYMENT_TARGET = 14.6;
				MARKETING_VERSION = 1.0;
				PRODUCT_BUNDLE_IDENTIFIER = "dev.eita.mac.audio-transcriber";
				PRODUCT_NAME = "$(TARGET_NAME)";
				SWIFT_EMIT_LOC_STRINGS = YES;
				SWIFT_VERSION = 5.0;
			};
			name = Release;
		};
/* End XCBuildConfiguration section */

/* Begin XCConfigurationList section */
		FCF019F82B8E1E5000F12345 /* Build configuration list for PBXProject "AudioTranscriber" */ = {
			isa = XCConfigurationList;
			buildConfigurations = (
				FCF01A0A2B8E1E5200F12345 /* Debug */,
				FCF01A0B2B8E1E5200F12345 /* Release */,
			);
			defaultConfigurationIsVisible = 0;
			defaultConfigurationName = Release;
		};
		FCF01A0C2B8E1E5200F12345 /* Build configuration list for PBXNativeTarget "AudioTranscriber" */ = {
			isa = XCConfigurationList;
			buildConfigurations = (
				FCF01A0D2B8E1E5200F12345 /* Debug */,
				FCF01A0E2B8E1E5200F12345 /* Release */,
			);
			defaultConfigurationIsVisible = 0;
			defaultConfigurationName = Release;
		};
/* End XCConfigurationList section */

/* Begin XCRemoteSwiftPackageReference section */
		66E9DAD02DC7B90500690C3B /* XCRemoteSwiftPackageReference "WhisperKit" */ = {
			isa = XCRemoteSwiftPackageReference;
			repositoryURL = "https://github.com/argmaxinc/WhisperKit";
			requirement = {
				kind = exactVersion;
				version = 0.12.0;
			};
		};
		66E9DADB2DC7C2E100690C3B /* XCRemoteSwiftPackageReference "swift-markdown-ui" */ = {
			isa = XCRemoteSwiftPackageReference;
			repositoryURL = "https://github.com/gonzalezreal/swift-markdown-ui";
			requirement = {
				kind = exactVersion;
				version = 2.4.1;
			};
		};
/* End XCRemoteSwiftPackageReference section */

/* Begin XCSwiftPackageProductDependency section */
		66E9DAD12DC7B90500690C3B /* WhisperKit */ = {
			isa = XCSwiftPackageProductDependency;
			package = 66E9DAD02DC7B90500690C3B /* XCRemoteSwiftPackageReference "WhisperKit" */;
			productName = WhisperKit;
		};
		66E9DADC2DC7C2E100690C3B /* MarkdownUI */ = {
			isa = XCSwiftPackageProductDependency;
			package = 66E9DADB2DC7C2E100690C3B /* XCRemoteSwiftPackageReference "swift-markdown-ui" */;
			productName = MarkdownUI;
		};
/* End XCSwiftPackageProductDependency section */
	};
	rootObject = FCF019F52B8E1E5000F12345 /* Project object */;
}
